
Microsoft Visual Studio Solution File, Format Version 12.00
# Visual Studio Version 17
VisualStudioVersion = 17.9.34714.143
MinimumVisualStudioVersion = 10.0.40219.1
Project("{FAE04EC0-301F-11D3-BF4B-00C04F79EFBC}") = "MyWebAPI", "MyWebAPI\MyWebAPI.csproj", "{105803CC-F15C-4EB2-811E-40344FDE569B}"
EndProject
Project("{FAE04EC0-301F-11D3-BF4B-00C04F79EFBC}") = "ServerLibrary.MyAPI", "ServerLibrary.MyAPI\ServerLibrary.MyAPI.csproj", "{08F5CD57-70FF-4B24-B241-9D757C388D10}"
EndProject
Global
	GlobalSection(SolutionConfigurationPlatforms) = preSolution
		Debug|Any CPU = Debug|Any CPU
		Release|Any CPU = Release|Any CPU
	EndGlobalSection
	GlobalSection(ProjectConfigurationPlatforms) = postSolution
		{105803CC-F15C-4EB2-811E-40344FDE569B}.Debug|Any CPU.ActiveCfg = Debug|Any CPU
		{105803CC-F15C-4EB2-811E-40344FDE569B}.Debug|Any CPU.Build.0 = Debug|Any CPU
		{105803CC-F15C-4EB2-811E-40344FDE569B}.Release|Any CPU.ActiveCfg = Release|Any CPU
		{105803CC-F15C-4EB2-811E-40344FDE569B}.Release|Any CPU.Build.0 = Release|Any CPU
		{08F5CD57-70FF-4B24-B241-9D757C388D10}.Debug|Any CPU.ActiveCfg = Debug|Any CPU
		{08F5CD57-70FF-4B24-B241-9D757C388D10}.Debug|Any CPU.Build.0 = Debug|Any CPU
		{08F5CD57-70FF-4B24-B241-9D757C388D10}.Release|Any CPU.ActiveCfg = Release|Any CPU
		{08F5CD57-70FF-4B24-B241-9D757C388D10}.Release|Any CPU.Build.0 = Release|Any CPU
	EndGlobalSection
	GlobalSection(SolutionProperties) = preSolution
		HideSolutionNode = FALSE
	EndGlobalSection
	GlobalSection(ExtensibilityGlobals) = postSolution
		SolutionGuid = {8F1665C9-7164-4A77-856E-F1654522558A}
	EndGlobalSection
EndGlobal
