
Microsoft Visual Studio Solution File, Format Version 12.00
# Visual Studio Version 17
VisualStudioVersion = 17.8.34511.84
MinimumVisualStudioVersion = 10.0.40219.1
Project("{9A19103F-16F7-4668-BE54-9A1E7A4F7556}") = "App.Canvas", "App.Canvas\App.Canvas.csproj", "{F40E0745-A3B9-481A-B9CE-4490BFE43052}"
EndProject
Project("{9A19103F-16F7-4668-BE54-9A1E7A4F7556}") = "Library.LearningManagement", "Library.LearningManagement\Library.LearningManagement.csproj", "{EA57BB7E-55D1-4834-9F81-294A4AD3FE58}"
EndProject
Project("{FAE04EC0-301F-11D3-BF4B-00C04F79EFBC}") = "MAUICanvas", "MAUICanvas\MAUICanvas.csproj", "{B83C7E12-F579-483D-A128-B968B15561B4}"
EndProject
Global
	GlobalSection(SolutionConfigurationPlatforms) = preSolution
		Debug|Any CPU = Debug|Any CPU
		Release|Any CPU = Release|Any CPU
	EndGlobalSection
	GlobalSection(ProjectConfigurationPlatforms) = postSolution
		{F40E0745-A3B9-481A-B9CE-4490BFE43052}.Debug|Any CPU.ActiveCfg = Debug|Any CPU
		{F40E0745-A3B9-481A-B9CE-4490BFE43052}.Debug|Any CPU.Build.0 = Debug|Any CPU
		{F40E0745-A3B9-481A-B9CE-4490BFE43052}.Release|Any CPU.ActiveCfg = Release|Any CPU
		{F40E0745-A3B9-481A-B9CE-4490BFE43052}.Release|Any CPU.Build.0 = Release|Any CPU
		{EA57BB7E-55D1-4834-9F81-294A4AD3FE58}.Debug|Any CPU.ActiveCfg = Debug|Any CPU
		{EA57BB7E-55D1-4834-9F81-294A4AD3FE58}.Debug|Any CPU.Build.0 = Debug|Any CPU
		{EA57BB7E-55D1-4834-9F81-294A4AD3FE58}.Release|Any CPU.ActiveCfg = Release|Any CPU
		{EA57BB7E-55D1-4834-9F81-294A4AD3FE58}.Release|Any CPU.Build.0 = Release|Any CPU
		{B83C7E12-F579-483D-A128-B968B15561B4}.Debug|Any CPU.ActiveCfg = Debug|Any CPU
		{B83C7E12-F579-483D-A128-B968B15561B4}.Debug|Any CPU.Build.0 = Debug|Any CPU
		{B83C7E12-F579-483D-A128-B968B15561B4}.Debug|Any CPU.Deploy.0 = Debug|Any CPU
		{B83C7E12-F579-483D-A128-B968B15561B4}.Release|Any CPU.ActiveCfg = Release|Any CPU
		{B83C7E12-F579-483D-A128-B968B15561B4}.Release|Any CPU.Build.0 = Release|Any CPU
		{B83C7E12-F579-483D-A128-B968B15561B4}.Release|Any CPU.Deploy.0 = Release|Any CPU
	EndGlobalSection
	GlobalSection(SolutionProperties) = preSolution
		HideSolutionNode = FALSE
	EndGlobalSection
	GlobalSection(ExtensibilityGlobals) = postSolution
		SolutionGuid = {3E340DF7-360B-45B4-A665-71B50CDB9BEE}
	EndGlobalSection
EndGlobal
